
Microsoft Visual Studio Solution File, Format Version 12.00
# Visual Studio Version 16
VisualStudioVersion = 16.0.34601.136
MinimumVisualStudioVersion = 10.0.40219.1
Project("{FAE04EC0-301F-11D3-BF4B-00C04F79EFBC}") = "WebApi_Assignment", "WebApi_Assignment\WebApi_Assignment.csproj", "{161A97E1-5897-472F-9CFC-8CBD5AAA0213}"
EndProject
Global
	GlobalSection(SolutionConfigurationPlatforms) = preSolution
		Debug|Any CPU = Debug|Any CPU
		Release|Any CPU = Release|Any CPU
	EndGlobalSection
	GlobalSection(ProjectConfigurationPlatforms) = postSolution
		{161A97E1-5897-472F-9CFC-8CBD5AAA0213}.Debug|Any CPU.ActiveCfg = Debug|Any CPU
		{161A97E1-5897-472F-9CFC-8CBD5AAA0213}.Debug|Any CPU.Build.0 = Debug|Any CPU
		{161A97E1-5897-472F-9CFC-8CBD5AAA0213}.Release|Any CPU.ActiveCfg = Release|Any CPU
		{161A97E1-5897-472F-9CFC-8CBD5AAA0213}.Release|Any CPU.Build.0 = Release|Any CPU
	EndGlobalSection
	GlobalSection(SolutionProperties) = preSolution
		HideSolutionNode = FALSE
	EndGlobalSection
	GlobalSection(ExtensibilityGlobals) = postSolution
		SolutionGuid = {7FE9C709-27D9-4521-8540-43B2BF55A6C7}
	EndGlobalSection
EndGlobal
