
Microsoft Visual Studio Solution File, Format Version 12.00
# Visual Studio Version 16
VisualStudioVersion = 16.0.34601.136
MinimumVisualStudioVersion = 10.0.40219.1
Project("{FAE04EC0-301F-11D3-BF4B-00C04F79EFBC}") = "Mvc_Assessment1", "Mvc_Assessment1\Mvc_Assessment1.csproj", "{20995621-9102-43B7-89D7-66A41000C733}"
EndProject
Global
	GlobalSection(SolutionConfigurationPlatforms) = preSolution
		Debug|Any CPU = Debug|Any CPU
		Release|Any CPU = Release|Any CPU
	EndGlobalSection
	GlobalSection(ProjectConfigurationPlatforms) = postSolution
		{20995621-9102-43B7-89D7-66A41000C733}.Debug|Any CPU.ActiveCfg = Debug|Any CPU
		{20995621-9102-43B7-89D7-66A41000C733}.Debug|Any CPU.Build.0 = Debug|Any CPU
		{20995621-9102-43B7-89D7-66A41000C733}.Release|Any CPU.ActiveCfg = Release|Any CPU
		{20995621-9102-43B7-89D7-66A41000C733}.Release|Any CPU.Build.0 = Release|Any CPU
	EndGlobalSection
	GlobalSection(SolutionProperties) = preSolution
		HideSolutionNode = FALSE
	EndGlobalSection
	GlobalSection(ExtensibilityGlobals) = postSolution
		SolutionGuid = {0D508860-AD2A-4D8E-87A3-A6FF84012697}
	EndGlobalSection
EndGlobal
