
Microsoft Visual Studio Solution File, Format Version 12.00
# Visual Studio Version 16
VisualStudioVersion = 16.0.34601.136
MinimumVisualStudioVersion = 10.0.40219.1
Project("{FAE04EC0-301F-11D3-BF4B-00C04F79EFBC}") = "MVC_Movie_Assessment1", "MovieApp_Assessment1\MVC_Movie_Assessment1.csproj", "{FE111252-E58A-48B1-9F18-5D16178DFBE8}"
EndProject
Global
	GlobalSection(SolutionConfigurationPlatforms) = preSolution
		Debug|Any CPU = Debug|Any CPU
		Release|Any CPU = Release|Any CPU
	EndGlobalSection
	GlobalSection(ProjectConfigurationPlatforms) = postSolution
		{FE111252-E58A-48B1-9F18-5D16178DFBE8}.Debug|Any CPU.ActiveCfg = Debug|Any CPU
		{FE111252-E58A-48B1-9F18-5D16178DFBE8}.Debug|Any CPU.Build.0 = Debug|Any CPU
		{FE111252-E58A-48B1-9F18-5D16178DFBE8}.Release|Any CPU.ActiveCfg = Release|Any CPU
		{FE111252-E58A-48B1-9F18-5D16178DFBE8}.Release|Any CPU.Build.0 = Release|Any CPU
	EndGlobalSection
	GlobalSection(SolutionProperties) = preSolution
		HideSolutionNode = FALSE
	EndGlobalSection
	GlobalSection(ExtensibilityGlobals) = postSolution
		SolutionGuid = {D741827B-8202-438F-A49A-3BA50DC1FF96}
	EndGlobalSection
EndGlobal
