
Microsoft Visual Studio Solution File, Format Version 12.00
# Visual Studio Version 16
VisualStudioVersion = 16.0.34601.136
MinimumVisualStudioVersion = 10.0.40219.1
Project("{FAE04EC0-301F-11D3-BF4B-00C04F79EFBC}") = "_MiniProject_", "_MiniProject_\_MiniProject_.csproj", "{FC14642F-EA09-4A3E-84BC-55C0B0ABAFCE}"
EndProject
Global
	GlobalSection(SolutionConfigurationPlatforms) = preSolution
		Debug|Any CPU = Debug|Any CPU
		Release|Any CPU = Release|Any CPU
	EndGlobalSection
	GlobalSection(ProjectConfigurationPlatforms) = postSolution
		{FC14642F-EA09-4A3E-84BC-55C0B0ABAFCE}.Debug|Any CPU.ActiveCfg = Debug|Any CPU
		{FC14642F-EA09-4A3E-84BC-55C0B0ABAFCE}.Debug|Any CPU.Build.0 = Debug|Any CPU
		{FC14642F-EA09-4A3E-84BC-55C0B0ABAFCE}.Release|Any CPU.ActiveCfg = Release|Any CPU
		{FC14642F-EA09-4A3E-84BC-55C0B0ABAFCE}.Release|Any CPU.Build.0 = Release|Any CPU
	EndGlobalSection
	GlobalSection(SolutionProperties) = preSolution
		HideSolutionNode = FALSE
	EndGlobalSection
	GlobalSection(ExtensibilityGlobals) = postSolution
		SolutionGuid = {99235F1E-143B-40FC-A2BD-202F18B42B31}
	EndGlobalSection
EndGlobal
